{
  "name": "react-native-livechat",
  "version": "1.1.4",
  "lockfileVersion": 1,
  "requires": true,
  "dependencies": {
    "@expo/react-native-action-sheet": {
      "version": "3.4.1",
      "resolved": "https://registry.npmjs.org/@expo/react-native-action-sheet/-/react-native-action-sheet-3.4.1.tgz",
      "integrity": "sha512-N2NXBYI8MZrmpi2G2cKDgE6K4F3MfwnUTpOJpo03BexLSlb7oNcXYpVReD2zxATlfjalTTjYdQ/7EYZdn/Z/sg==",
      "requires": {
        "@types/hoist-non-react-statics": "^3.3.1",
        "hoist-non-react-statics": "^3.3.0"
      }
    },
    "@livechat/customer-auth": {
      "version": "0.4.0-alpha.0",
      "resolved": "https://registry.npmjs.org/@livechat/customer-auth/-/customer-auth-0.4.0-alpha.0.tgz",
      "integrity": "sha512-BnfZUigKHSg+rmyJur8H2VS8qpHJ/7KTPUENjV0efR9zVPnvaJYpHJqxmky+zvBr6Lydp0fA9LLHBoENhsmG+w==",
      "requires": {
        "@livechat/isomorphic-storage": "^0.1.0",
        "@livechat/mitt": "^0.1.0",
        "@livechat/url-utils": "^0.1.1",
        "memory-web-storage": "^0.1.0"
      }
    },
    "@livechat/customer-sdk": {
      "version": "2.0.0-alpha.3",
      "resolved": "https://registry.npmjs.org/@livechat/customer-sdk/-/customer-sdk-2.0.0-alpha.3.tgz",
      "integrity": "sha512-VbaEJriBxQx5et6DBUW97tIBXA7LZZGUIusAI/wfMyLSzaPOEqawrss9xfjgAQrVcq7k9BD2nlXUtwVC25Ss2g==",
      "requires": {
        "@livechat/customer-auth": "^0.4.0-alpha.1",
        "@livechat/data-utils": "^0.2.6",
        "@livechat/deferred": "^1.0.0",
        "@livechat/file-upload": "^0.2.1",
        "@livechat/isomorphic-storage": "^0.1.0",
        "@livechat/mitt": "^0.1.0",
        "@livechat/side-effects-middleware": "^0.2.0",
        "@livechat/url-utils": "^0.1.1",
        "backo2": "^1.0.2",
        "redux": "^3.6.0",
        "sockjs-client": "^1.1.4",
        "symbol-observable": "^1.0.4",
        "unfetch": "^2.1.2"
      },
      "dependencies": {
        "@livechat/customer-auth": {
          "version": "0.4.0-alpha.1",
          "resolved": "https://registry.npmjs.org/@livechat/customer-auth/-/customer-auth-0.4.0-alpha.1.tgz",
          "integrity": "sha512-RNbZY08gsBJxhphxl6nYMul+06bnE0J6Je5g6mr6Z3gdAFfa8PvGtZq+ScyYxqU58akxNUI0Ngi7SMgGPpmaIg==",
          "requires": {
            "@livechat/dom-utils": "^0.1.0",
            "@livechat/isomorphic-storage": "^0.1.0",
            "@livechat/mitt": "^0.1.2",
            "@livechat/url-utils": "^0.1.2",
            "memory-web-storage": "^0.1.0"
          }
        }
      }
    },
    "@livechat/data-utils": {
      "version": "0.2.7",
      "resolved": "https://registry.npmjs.org/@livechat/data-utils/-/data-utils-0.2.7.tgz",
      "integrity": "sha512-gF+5qQTy3UMn+0goU32qgbwAffTMQQIii2GZL3x1BzC0VmBK2SLVbYcdciiIsXvcdwnXLwLmxG+/HgM6eDr/1Q=="
    },
    "@livechat/deferred": {
      "version": "1.1.0",
      "resolved": "https://registry.npmjs.org/@livechat/deferred/-/deferred-1.1.0.tgz",
      "integrity": "sha512-5B2n5EBHljL1xwflgQDRBTYcrqX5S23SmQXhpu6ZeYhgNTzB7AKyN+7Jv77nQAfWAZxS7QDmasc/wA1uxAwZ2Q=="
    },
    "@livechat/dom-utils": {
      "version": "0.1.0",
      "resolved": "https://registry.npmjs.org/@livechat/dom-utils/-/dom-utils-0.1.0.tgz",
      "integrity": "sha512-hzqOSxwGhEOd2BFEwTX0mmoQ8ae+jKNZhBg3lonw2JaAyhjcuHnyFwjiXoygpOYdL6Co2N/J47Z6SAhjA1N00A=="
    },
    "@livechat/file-upload": {
      "version": "0.2.1",
      "resolved": "https://registry.npmjs.org/@livechat/file-upload/-/file-upload-0.2.1.tgz",
      "integrity": "sha512-Rl6Ngb9AdU+VUkbTJMlpD+ySgzFIhrtkQl405m4Qky8rt25SSQ+S7oG6vPli51uv9NWIxkxEdLf44cHxkYqMTQ=="
    },
    "@livechat/isomorphic-storage": {
      "version": "0.1.0",
      "resolved": "https://registry.npmjs.org/@livechat/isomorphic-storage/-/isomorphic-storage-0.1.0.tgz",
      "integrity": "sha512-cQ0l4hFuFR+ckk/xoB17qetW5m812V/fOjUQ8AAMm/R1zLCyO3uaPjZqmadp72b1f4Lahx2bImT9PssTwrbDvQ==",
      "requires": {
        "memory-web-storage": "^0.1.0"
      }
    },
    "@livechat/mitt": {
      "version": "0.1.2",
      "resolved": "https://registry.npmjs.org/@livechat/mitt/-/mitt-0.1.2.tgz",
      "integrity": "sha512-untvSyMczGashMP2osoO1SAPoOpqJwTjLNwFD1LXu+8G3g8fbfDj5rYGwxFUXPXW38HhMBZqCzFOLp4FecpwjQ==",
      "requires": {
        "mitt": "^1.1.2"
      }
    },
    "@livechat/side-effects-middleware": {
      "version": "0.2.0",
      "resolved": "https://registry.npmjs.org/@livechat/side-effects-middleware/-/side-effects-middleware-0.2.0.tgz",
      "integrity": "sha512-WqoEJd7AkvN0ofRrdzclgvEbZciOnJK5Tz8vTmRVbOE8ti1aUDTfRxGiKg1MBOKid+6VFE95QJIlNOA2jCC6SQ=="
    },
    "@livechat/url-utils": {
      "version": "0.1.3",
      "resolved": "https://registry.npmjs.org/@livechat/url-utils/-/url-utils-0.1.3.tgz",
      "integrity": "sha512-aGccQVlXIUvfCq4gZCpiSBBSMgmNoDuuFWObL8qvX6mrb9PHJPX0Gu8CUh3yTGWy6gTDFJxIT7Qlj+ipRJIjuQ==",
      "requires": {
        "@livechat/data-utils": "^0.2.7"
      }
    },
    "@types/hoist-non-react-statics": {
      "version": "3.3.1",
      "resolved": "https://registry.npmjs.org/@types/hoist-non-react-statics/-/hoist-non-react-statics-3.3.1.tgz",
      "integrity": "sha512-iMIqiko6ooLrTh1joXodJK5X9xeEALT1kM5G3ZLhD3hszxBdIEd5C75U834D9mLcINgD4OyZf5uQXjkuYydWvA==",
      "requires": {
        "@types/react": "*",
        "hoist-non-react-statics": "^3.3.0"
      }
    },
    "@types/prop-types": {
      "version": "15.7.3",
      "resolved": "https://registry.npmjs.org/@types/prop-types/-/prop-types-15.7.3.tgz",
      "integrity": "sha512-KfRL3PuHmqQLOG+2tGpRO26Ctg+Cq1E01D2DMriKEATHgWLfeNDmq9e29Q9WIky0dQ3NPkd1mzYH8Lm936Z9qw=="
    },
    "@types/react": {
      "version": "16.9.16",
      "resolved": "https://registry.npmjs.org/@types/react/-/react-16.9.16.tgz",
      "integrity": "sha512-dQ3wlehuBbYlfvRXfF5G+5TbZF3xqgkikK7DWAsQXe2KnzV+kjD4W2ea+ThCrKASZn9h98bjjPzoTYzfRqyBkw==",
      "requires": {
        "@types/prop-types": "*",
        "csstype": "^2.2.0"
      }
    },
    "backo2": {
      "version": "1.0.2",
      "resolved": "https://registry.npmjs.org/backo2/-/backo2-1.0.2.tgz",
      "integrity": "sha1-MasayLEpNjRj41s+u2n038+6eUc="
    },
    "csstype": {
      "version": "2.6.8",
      "resolved": "https://registry.npmjs.org/csstype/-/csstype-2.6.8.tgz",
      "integrity": "sha512-msVS9qTuMT5zwAGCVm4mxfrZ18BNc6Csd0oJAtiFMZ1FAx1CCvy2+5MDmYoix63LM/6NDbNtodCiGYGmFgO0dA=="
    },
    "debug": {
      "version": "3.2.6",
      "resolved": "https://registry.npmjs.org/debug/-/debug-3.2.6.tgz",
      "integrity": "sha512-mel+jf7nrtEl5Pn1Qx46zARXKDpBbvzezse7p7LqINmdoIk8PYP5SySaxEmYv6TZ0JyEKA1hsCId6DIhgITtWQ==",
      "requires": {
        "ms": "^2.1.1"
      }
    },
    "eventsource": {
      "version": "1.0.7",
      "resolved": "https://registry.npmjs.org/eventsource/-/eventsource-1.0.7.tgz",
      "integrity": "sha512-4Ln17+vVT0k8aWq+t/bF5arcS3EpT9gYtW66EPacdj/mAFevznsnyoHLPy2BA8gbIQeIHoPsvwmfBftfcG//BQ==",
      "requires": {
        "original": "^1.0.0"
      }
    },
    "faye-websocket": {
      "version": "0.11.3",
      "resolved": "https://registry.npmjs.org/faye-websocket/-/faye-websocket-0.11.3.tgz",
      "integrity": "sha512-D2y4bovYpzziGgbHYtGCMjlJM36vAl/y+xUyn1C+FVx8szd1E+86KwVw6XvYSzOP8iMpm1X0I4xJD+QtUb36OA==",
      "requires": {
        "websocket-driver": ">=0.5.1"
      }
    },
    "hoist-non-react-statics": {
      "version": "3.3.1",
      "resolved": "https://registry.npmjs.org/hoist-non-react-statics/-/hoist-non-react-statics-3.3.1.tgz",
      "integrity": "sha512-wbg3bpgA/ZqWrZuMOeJi8+SKMhr7X9TesL/rXMjTzh0p0JUBo3II8DHboYbuIXWRlttrUFxwcu/5kygrCw8fJw==",
      "requires": {
        "react-is": "^16.7.0"
      }
    },
    "http-parser-js": {
      "version": "0.4.10",
      "resolved": "https://registry.npmjs.org/http-parser-js/-/http-parser-js-0.4.10.tgz",
      "integrity": "sha1-ksnBN0w1CF912zWexWzCV8u5P6Q="
    },
    "inherits": {
      "version": "2.0.4",
      "resolved": "https://registry.npmjs.org/inherits/-/inherits-2.0.4.tgz",
      "integrity": "sha512-k/vGaX4/Yla3WzyMCvTQOXYeIHvqOKtnqBduzTHpzpQZzAskKMhZ2K+EnBiSM9zGSoIFeMpXKxa4dYeZIQqewQ=="
    },
    "js-tokens": {
      "version": "4.0.0",
      "resolved": "https://registry.npmjs.org/js-tokens/-/js-tokens-4.0.0.tgz",
      "integrity": "sha512-RdJUflcE3cUzKiMqQgsCu06FPu9UdIJO0beYbPhHN4k6apgJtifcoCtT9bcxOpYBtpD2kCM6Sbzg4CausW/PKQ=="
    },
    "json3": {
      "version": "3.3.3",
      "resolved": "https://registry.npmjs.org/json3/-/json3-3.3.3.tgz",
      "integrity": "sha512-c7/8mbUsKigAbLkD5B010BK4D9LZm7A1pNItkEwiUZRpIN66exu/e7YQWysGun+TRKaJp8MhemM+VkfWv42aCA=="
    },
    "lodash": {
      "version": "4.17.15",
      "resolved": "https://registry.npmjs.org/lodash/-/lodash-4.17.15.tgz",
      "integrity": "sha512-8xOcRHvCjnocdS5cpwXQXVzmmh5e5+saE2QGoeQmbKmRS6J3VQppPOIt0MnmE+4xlZoumy0GPG0D0MVIQbNA1A=="
    },
    "lodash-es": {
      "version": "4.17.15",
      "resolved": "https://registry.npmjs.org/lodash-es/-/lodash-es-4.17.15.tgz",
      "integrity": "sha512-rlrc3yU3+JNOpZ9zj5pQtxnx2THmvRykwL4Xlxoa8I9lHBlVbbyPhgyPMioxVZ4NqyxaVVtaJnzsyOidQIhyyQ=="
    },
    "loose-envify": {
      "version": "1.4.0",
      "resolved": "https://registry.npmjs.org/loose-envify/-/loose-envify-1.4.0.tgz",
      "integrity": "sha512-lyuxPGr/Wfhrlem2CL/UcnUc1zcqKAImBDzukY7Y5F/yQiNdko6+fRLevlw1HgMySw7f611UIY408EtxRSoK3Q==",
      "requires": {
        "js-tokens": "^3.0.0 || ^4.0.0"
      }
    },
    "memory-web-storage": {
      "version": "0.1.0",
      "resolved": "https://registry.npmjs.org/memory-web-storage/-/memory-web-storage-0.1.0.tgz",
      "integrity": "sha512-AVVlRidjJlKqdzdxdsvXgX24m2eA/8FFlqBrvHN9JRlzMuYCGev7o0bjkP207UhkqVtIg1sNyEHBq2uvykA/3w=="
    },
    "mitt": {
      "version": "1.2.0",
      "resolved": "https://registry.npmjs.org/mitt/-/mitt-1.2.0.tgz",
      "integrity": "sha512-r6lj77KlwqLhIUku9UWYes7KJtsczvolZkzp8hbaDPPaE24OmWl5s539Mytlj22siEQKosZ26qCBgda2PKwoJw=="
    },
    "moment": {
      "version": "2.24.0",
      "resolved": "https://registry.npmjs.org/moment/-/moment-2.24.0.tgz",
      "integrity": "sha512-bV7f+6l2QigeBBZSM/6yTNq4P2fNpSWj/0e7jQcy87A8e7o2nAfP/34/2ky5Vw4B9S446EtIhodAzkFCcR4dQg=="
    },
    "ms": {
      "version": "2.1.2",
      "resolved": "https://registry.npmjs.org/ms/-/ms-2.1.2.tgz",
      "integrity": "sha512-sGkPx+VjMtmA6MX27oA4FBFELFCZZ4S4XqeGOXCv68tT+jb3vk/RyaKWP0PTKyWtmLSM0b+adUTEvbs1PEaH2w=="
    },
    "object-assign": {
      "version": "4.1.1",
      "resolved": "https://registry.npmjs.org/object-assign/-/object-assign-4.1.1.tgz",
      "integrity": "sha1-IQmtx5ZYh8/AXLvUQsrIv7s2CGM="
    },
    "original": {
      "version": "1.0.2",
      "resolved": "https://registry.npmjs.org/original/-/original-1.0.2.tgz",
      "integrity": "sha512-hyBVl6iqqUOJ8FqRe+l/gS8H+kKYjrEndd5Pm1MfBtsEKA038HkkdbAl/72EAXGyonD/PFsvmVG+EvcIpliMBg==",
      "requires": {
        "url-parse": "^1.4.3"
      }
    },
    "prop-types": {
      "version": "15.7.2",
      "resolved": "https://registry.npmjs.org/prop-types/-/prop-types-15.7.2.tgz",
      "integrity": "sha512-8QQikdH7//R2vurIJSutZ1smHYTcLpRWEOlHnzcWHmBYrOGUysKwSsrC89BCiFj3CbrfJ/nXFdJepOVrY1GCHQ==",
      "requires": {
        "loose-envify": "^1.4.0",
        "object-assign": "^4.1.1",
        "react-is": "^16.8.1"
      }
    },
    "querystringify": {
      "version": "2.1.1",
      "resolved": "https://registry.npmjs.org/querystringify/-/querystringify-2.1.1.tgz",
      "integrity": "sha512-w7fLxIRCRT7U8Qu53jQnJyPkYZIaR4n5151KMfcJlO/A9397Wxb1amJvROTK6TOnp7PfoAmg/qXiNHI+08jRfA=="
    },
    "react-is": {
      "version": "16.8.6",
      "resolved": "https://registry.npmjs.org/react-is/-/react-is-16.8.6.tgz",
      "integrity": "sha512-aUk3bHfZ2bRSVFFbbeVS4i+lNPZr3/WM5jT2J5omUVV1zzcs1nAaf3l51ctA5FFvCRbhrH0bdAsRRQddFJZPtA=="
    },
    "react-native-animatable": {
      "version": "1.3.2",
      "resolved": "https://registry.npmjs.org/react-native-animatable/-/react-native-animatable-1.3.2.tgz",
      "integrity": "sha512-rmah3KQ63ft8DxkzFUwJSuZeq+oSYwldoGF4DTOR5WM2WR5wiWLgBAtrAHlI3Di3by323uOR21s+MlqPcHz2Kw==",
      "requires": {
        "prop-types": "^15.5.10"
      }
    },
    "react-native-communications": {
      "version": "2.2.1",
      "resolved": "https://registry.npmjs.org/react-native-communications/-/react-native-communications-2.2.1.tgz",
      "integrity": "sha1-eIO1ayCgAu63kMET+GFuqGksp5U="
    },
    "react-native-gifted-chat": {
      "version": "0.13.0",
      "resolved": "https://registry.npmjs.org/react-native-gifted-chat/-/react-native-gifted-chat-0.13.0.tgz",
      "integrity": "sha512-vUFQTX1bIaKgabaQW5E8frLGbzxJFVoUR/Mvpu619dimp2CnmFgmDsq0K7rCzramYF3U+cCuhhHAmjTFYImXhA==",
      "requires": {
        "@expo/react-native-action-sheet": "3.4.1",
        "moment": "^2.19.0",
        "prop-types": "15.7.2",
        "react-native-communications": "2.2.1",
        "react-native-iphone-x-helper": "^1.2.0",
        "react-native-lightbox": "^0.8.1",
        "react-native-parsed-text": "git+https://github.com/EvanBacon/react-native-parsed-text.git",
        "uuid": "3.3.3"
      }
    },
    "react-native-iphone-x-helper": {
      "version": "1.2.1",
      "resolved": "https://registry.npmjs.org/react-native-iphone-x-helper/-/react-native-iphone-x-helper-1.2.1.tgz",
      "integrity": "sha512-/VbpIEp8tSNNHIvstuA3Swx610whci1Zpc9mqNkqn14DkMbw+ORviln2u0XyHG1kPvvwTNGZY6QpeFwxYaSdbQ=="
    },
    "react-native-lightbox": {
      "version": "0.8.1",
      "resolved": "https://registry.npmjs.org/react-native-lightbox/-/react-native-lightbox-0.8.1.tgz",
      "integrity": "sha512-TFZA6iKEEHpAUIXjMTRb6vx0/9rHgEKy3ZBiRAy295PwldYg5c8opwnbyURLIl522ykeqhVx9uGdXjSMIowLvA==",
      "requires": {
        "prop-types": "^15.7.2"
      }
    },
    "react-native-parsed-text": {
      "version": "git+https://github.com/EvanBacon/react-native-parsed-text.git#f55c4713c62961f13a2eec99cbc1ec619615ee72",
      "from": "git+https://github.com/EvanBacon/react-native-parsed-text.git",
      "requires": {
        "prop-types": "^15.5.10"
      }
    },
    "redux": {
      "version": "3.7.2",
      "resolved": "https://registry.npmjs.org/redux/-/redux-3.7.2.tgz",
      "integrity": "sha512-pNqnf9q1hI5HHZRBkj3bAngGZW/JMCmexDlOxw4XagXY2o1327nHH54LoTjiPJ0gizoqPDRqWyX/00g0hD6w+A==",
      "requires": {
        "lodash": "^4.2.1",
        "lodash-es": "^4.2.1",
        "loose-envify": "^1.1.0",
        "symbol-observable": "^1.0.3"
      }
    },
    "requires-port": {
      "version": "1.0.0",
      "resolved": "https://registry.npmjs.org/requires-port/-/requires-port-1.0.0.tgz",
      "integrity": "sha1-kl0mAdOaxIXgkc8NpcbmlNw9yv8="
    },
    "safe-buffer": {
      "version": "5.2.0",
      "resolved": "https://registry.npmjs.org/safe-buffer/-/safe-buffer-5.2.0.tgz",
      "integrity": "sha512-fZEwUGbVl7kouZs1jCdMLdt95hdIv0ZeHg6L7qPeciMZhZ+/gdesW4wgTARkrFWEpspjEATAzUGPG8N2jJiwbg=="
    },
    "sockjs-client": {
      "version": "1.4.0",
      "resolved": "https://registry.npmjs.org/sockjs-client/-/sockjs-client-1.4.0.tgz",
      "integrity": "sha512-5zaLyO8/nri5cua0VtOrFXBPK1jbL4+1cebT/mmKA1E1ZXOvJrII75bPu0l0k843G/+iAbhEqzyKr0w/eCCj7g==",
      "requires": {
        "debug": "^3.2.5",
        "eventsource": "^1.0.7",
        "faye-websocket": "~0.11.1",
        "inherits": "^2.0.3",
        "json3": "^3.3.2",
        "url-parse": "^1.4.3"
      }
    },
    "symbol-observable": {
      "version": "1.2.0",
      "resolved": "https://registry.npmjs.org/symbol-observable/-/symbol-observable-1.2.0.tgz",
      "integrity": "sha512-e900nM8RRtGhlV36KGEU9k65K3mPb1WV70OdjfxlG2EAuM1noi/E/BaW/uMhL7bPEssK8QV57vN3esixjUvcXQ=="
    },
    "unfetch": {
      "version": "2.1.2",
      "resolved": "https://registry.npmjs.org/unfetch/-/unfetch-2.1.2.tgz",
      "integrity": "sha1-aE/uTYrNsTW9smwDZMZC/DJsqVs="
    },
    "url-parse": {
      "version": "1.4.7",
      "resolved": "https://registry.npmjs.org/url-parse/-/url-parse-1.4.7.tgz",
      "integrity": "sha512-d3uaVyzDB9tQoSXFvuSUNFibTd9zxd2bkVrDRvF5TmvWWQwqE4lgYJ5m+x1DbecWkw+LK4RNl2CU1hHuOKPVlg==",
      "requires": {
        "querystringify": "^2.1.1",
        "requires-port": "^1.0.0"
      }
    },
    "uuid": {
      "version": "3.3.3",
      "resolved": "https://registry.npmjs.org/uuid/-/uuid-3.3.3.tgz",
      "integrity": "sha512-pW0No1RGHgzlpHJO1nsVrHKpOEIxkGg1xB+v0ZmdNH5OAeAwzAVrCnI2/6Mtx+Uys6iaylxa+D3g4j63IKKjSQ=="
    },
    "websocket-driver": {
      "version": "0.7.3",
      "resolved": "https://registry.npmjs.org/websocket-driver/-/websocket-driver-0.7.3.tgz",
      "integrity": "sha512-bpxWlvbbB459Mlipc5GBzzZwhoZgGEZLuqPaR0INBGnPAY1vdBX6hPnoFXiw+3yWxDuHyQjO2oXTMyS8A5haFg==",
      "requires": {
        "http-parser-js": ">=0.4.0 <0.4.11",
        "safe-buffer": ">=5.1.0",
        "websocket-extensions": ">=0.1.1"
      }
    },
    "websocket-extensions": {
      "version": "0.1.3",
      "resolved": "https://registry.npmjs.org/websocket-extensions/-/websocket-extensions-0.1.3.tgz",
      "integrity": "sha512-nqHUnMXmBzT0w570r2JpJxfiSD1IzoI+HGVdd3aZ0yNi3ngvQ4jv1dtHt5VGxfI2yj5yqImPhOK4vmIh2xMbGg=="
    }
  }
}
