{
  "name": "react-native-livechat",
  "version": "2.0.1",
  "lockfileVersion": 1,
  "requires": true,
  "dependencies": {
    "@babel/runtime": {
      "version": "7.9.6",
      "resolved": "https://registry.npmjs.org/@babel/runtime/-/runtime-7.9.6.tgz",
      "integrity": "sha512-64AF1xY3OAkFHqOb9s4jpgk1Mm5vDZ4L3acHvAml+53nO1XbXLuDodsVpO4OIUsmemlUHMxNdYMNJmsvOwLrvQ==",
      "requires": {
        "regenerator-runtime": "^0.13.4"
      },
      "dependencies": {
        "regenerator-runtime": {
          "version": "0.13.5",
          "resolved": "https://registry.npmjs.org/regenerator-runtime/-/regenerator-runtime-0.13.5.tgz",
          "integrity": "sha512-ZS5w8CpKFinUzOwW3c83oPeVXoNsrLsaCoLtJvAClH135j/R77RuymhiSErhm2lKcwSCIpmvIWSbDkIfAqKQlA=="
        }
      }
    },
    "@expo/react-native-action-sheet": {
      "version": "3.7.0",
      "resolved": "https://registry.npmjs.org/@expo/react-native-action-sheet/-/react-native-action-sheet-3.7.0.tgz",
      "integrity": "sha512-Hm2CYdhh6bH7rU+Xqk1hSlTVSKqqlYA7fBXWEU5s/k+6S8U3hHKBEoM3I08cmj1iNS3jFxpOBJU16AH3KSYkRg==",
      "requires": {
        "@types/hoist-non-react-statics": "^3.3.1",
        "hoist-non-react-statics": "^3.3.0"
      }
    },
    "@livechat/cookies": {
      "version": "0.0.1",
      "resolved": "https://registry.npmjs.org/@livechat/cookies/-/cookies-0.0.1.tgz",
      "integrity": "sha1-ga1Xrx2Rvsl/29utgxVdkcxvo0g="
    },
    "@livechat/customer-auth": {
      "version": "0.4.0-alpha.6",
      "resolved": "https://registry.npmjs.org/@livechat/customer-auth/-/customer-auth-0.4.0-alpha.6.tgz",
      "integrity": "sha512-hrowAI3ZwLIjdEWbwhAa4QDKZVGmiOkhQrLGSZxuC1ZZ55oWN5H/F9usMA6kqrQkh2lfStZY+8TxKz7VUkpu1A==",
      "requires": {
        "@livechat/dom-utils": "^0.2.0",
        "@livechat/isomorphic-storage": "^0.1.0",
        "@livechat/mitt": "^0.1.2",
        "@livechat/url-utils": "^0.1.3"
      }
    },
    "@livechat/customer-sdk": {
      "version": "2.0.1",
      "resolved": "https://registry.npmjs.org/@livechat/customer-sdk/-/customer-sdk-2.0.1.tgz",
      "integrity": "sha512-VjovcabHhk64X3f8Q6QWRxRSW1+aF1/uggEnIzaLKKv7g94uJ8Ui5Oa7GyeppjGY02+Wt7BJfWcVKwK9vL/QCA==",
      "requires": {
        "@livechat/customer-auth": "^0.4.0-alpha.6",
        "@livechat/data-utils": "^0.2.9",
        "@livechat/deferred": "^1.1.0",
        "@livechat/file-upload": "^0.2.1",
        "@livechat/isomorphic-storage": "^0.1.0",
        "@livechat/mitt": "^0.1.2",
        "@livechat/platform-client": "^0.2.1",
        "@livechat/promise-try": "^0.1.0",
        "@livechat/side-effects-middleware": "^0.2.0",
        "@livechat/url-utils": "^0.1.3",
        "backo2": "^1.0.2",
        "redux": "^4.0.4",
        "ts-toolbelt": "^6.7.5",
        "unfetch": "^2.1.2"
      },
      "dependencies": {
        "@livechat/data-utils": {
          "version": "0.2.11",
          "resolved": "https://registry.npmjs.org/@livechat/data-utils/-/data-utils-0.2.11.tgz",
          "integrity": "sha512-sGLjkZEQOy8NlfY74WBhgwKzUda+mVvEclpfiWrAca+qymSkaJ6TppWj9uKwGydhw2MAwGJxmn8W6ZWP9Nz+7A=="
        }
      }
    },
    "@livechat/data-utils": {
      "version": "0.2.8",
      "resolved": "https://registry.npmjs.org/@livechat/data-utils/-/data-utils-0.2.8.tgz",
      "integrity": "sha512-c00toCXqHIdZXMt8kXlAfv7SA0r8ZERzblP6zrWAR1UxRQpDd/0NeDH/wOp7XFhjnvHDpHSG5neLsFjbJMY9Ag=="
    },
    "@livechat/deferred": {
      "version": "1.1.0",
      "resolved": "https://registry.npmjs.org/@livechat/deferred/-/deferred-1.1.0.tgz",
      "integrity": "sha512-5B2n5EBHljL1xwflgQDRBTYcrqX5S23SmQXhpu6ZeYhgNTzB7AKyN+7Jv77nQAfWAZxS7QDmasc/wA1uxAwZ2Q=="
    },
    "@livechat/dom-utils": {
      "version": "0.2.1",
      "resolved": "https://registry.npmjs.org/@livechat/dom-utils/-/dom-utils-0.2.1.tgz",
      "integrity": "sha512-8K/PXScHBZYPosH9F9qixuuH1gHd7bRt+QxEV6GIZq43iommCfIXIdCNUrP2DEQFGFSIhKepf1G5sJkrx1k4Vw==",
      "requires": {
        "@livechat/data-utils": "^0.2.8",
        "csstype": "^2.6.5"
      }
    },
    "@livechat/file-upload": {
      "version": "0.2.1",
      "resolved": "https://registry.npmjs.org/@livechat/file-upload/-/file-upload-0.2.1.tgz",
      "integrity": "sha512-Rl6Ngb9AdU+VUkbTJMlpD+ySgzFIhrtkQl405m4Qky8rt25SSQ+S7oG6vPli51uv9NWIxkxEdLf44cHxkYqMTQ=="
    },
    "@livechat/isomorphic-storage": {
      "version": "0.1.0",
      "resolved": "https://registry.npmjs.org/@livechat/isomorphic-storage/-/isomorphic-storage-0.1.0.tgz",
      "integrity": "sha512-cQ0l4hFuFR+ckk/xoB17qetW5m812V/fOjUQ8AAMm/R1zLCyO3uaPjZqmadp72b1f4Lahx2bImT9PssTwrbDvQ==",
      "requires": {
        "memory-web-storage": "^0.1.0"
      }
    },
    "@livechat/livechat-visitor-sdk": {
      "version": "0.37.0-4",
      "resolved": "https://registry.npmjs.org/@livechat/livechat-visitor-sdk/-/livechat-visitor-sdk-0.37.0-4.tgz",
      "integrity": "sha512-/GBtczObhJqhJ0EQxcg2xoZkfL6JiFM+0Vc/eJj929QIcVG0tcIKIPfMs74uQqTkglSAdeXXrNEmzLETWtbSJg==",
      "requires": {
        "@babel/runtime": "^7.4.2",
        "@livechat/cookies": "^0.0.1",
        "@livechat/data-utils": "^0.2.7",
        "@livechat/file-upload": "^0.2.1",
        "@livechat/mitt": "^0.1.2",
        "@livechat/react-md": "^0.1.1",
        "@livechat/redux-utils": "^0.1.2",
        "@livechat/saga-utils": "^0.1.1",
        "@livechat/url-utils": "^0.1.3",
        "memory-web-storage": "^1.0.0",
        "redux": "^4.0.1",
        "redux-saga": "^0.15.6",
        "regenerator-runtime": "^0.10.5",
        "unfetch": "^2.1.2"
      },
      "dependencies": {
        "memory-web-storage": {
          "version": "1.0.0",
          "resolved": "https://registry.npmjs.org/memory-web-storage/-/memory-web-storage-1.0.0.tgz",
          "integrity": "sha512-4iHUpe2J2XNGIPAuDJU9LxynY9W0L0A5EG8yyS/+hh1voJF/15d9iFsiBK+HxLWiFCd/8zRT+myrCo7GwYeRew=="
        }
      }
    },
    "@livechat/mitt": {
      "version": "0.1.2",
      "resolved": "https://registry.npmjs.org/@livechat/mitt/-/mitt-0.1.2.tgz",
      "integrity": "sha512-untvSyMczGashMP2osoO1SAPoOpqJwTjLNwFD1LXu+8G3g8fbfDj5rYGwxFUXPXW38HhMBZqCzFOLp4FecpwjQ==",
      "requires": {
        "mitt": "^1.1.2"
      }
    },
    "@livechat/platform-client": {
      "version": "0.2.1",
      "resolved": "https://registry.npmjs.org/@livechat/platform-client/-/platform-client-0.2.1.tgz",
      "integrity": "sha512-qMveYlBXE8HH6LSz/H3w5Kjg7iMfW4Bxgn7SzHp0r24HUCtGG1uhw2lAL0XzBHRXmo4/6sSdU2i7ypDVmGSG4g==",
      "requires": {
        "@livechat/data-utils": "^0.2.7",
        "@livechat/deferred": "^1.1.0",
        "@livechat/mitt": "^0.1.2",
        "@livechat/sockjs-manager": "^0.2.0"
      }
    },
    "@livechat/promise-try": {
      "version": "0.1.0",
      "resolved": "https://registry.npmjs.org/@livechat/promise-try/-/promise-try-0.1.0.tgz",
      "integrity": "sha512-dqOKtFemgv8xGFHlCc6W4lfPXCzmzmgdNGhwAadftdCQCWLoLqwZVAyh5AvGuZ9pSFzg7H+/lOhNlt25+u2FVA=="
    },
    "@livechat/react-md": {
      "version": "0.1.1",
      "resolved": "https://registry.npmjs.org/@livechat/react-md/-/react-md-0.1.1.tgz",
      "integrity": "sha512-j4LDUD+w2IvGx56oqdehNG41KmZeGNFa105omO7+Jc0a7v59nk8SBghzWgSrX45/uCE7coFzmaxEK8dN/70CqA==",
      "requires": {
        "@livechat/data-utils": "^0.2.7",
        "marked": "^0.7.0"
      }
    },
    "@livechat/redux-utils": {
      "version": "0.1.2",
      "resolved": "https://registry.npmjs.org/@livechat/redux-utils/-/redux-utils-0.1.2.tgz",
      "integrity": "sha512-XLz1QsQteC7hdJIWgDS9lyZiUb/es/unjhPpNSxKbZZW/oGFJ1X5YhvKgjqQvbG/ikpMXIqwzUF6wMJEkcrlbA==",
      "requires": {
        "@livechat/data-utils": "^0.2.6",
        "@livechat/deferred": "^1.0.0"
      }
    },
    "@livechat/saga-utils": {
      "version": "0.1.1",
      "resolved": "https://registry.npmjs.org/@livechat/saga-utils/-/saga-utils-0.1.1.tgz",
      "integrity": "sha512-Ohn5qgh+afchGD2cO7ZsIzyaACui+q/4jt1yBLeYD0Tkp5fzeaMDvdmRIF6doszT0U478Hg3ggnP/pGgTMlr4A==",
      "requires": {
        "babel-runtime": "^6.23.0",
        "backo2": "^1.0.2"
      }
    },
    "@livechat/side-effects-middleware": {
      "version": "0.2.0",
      "resolved": "https://registry.npmjs.org/@livechat/side-effects-middleware/-/side-effects-middleware-0.2.0.tgz",
      "integrity": "sha512-WqoEJd7AkvN0ofRrdzclgvEbZciOnJK5Tz8vTmRVbOE8ti1aUDTfRxGiKg1MBOKid+6VFE95QJIlNOA2jCC6SQ=="
    },
    "@livechat/sockjs-manager": {
      "version": "0.2.0",
      "resolved": "https://registry.npmjs.org/@livechat/sockjs-manager/-/sockjs-manager-0.2.0.tgz",
      "integrity": "sha512-Q1AHOy4gqqhxGjgNmwMq9FH97jeDEnihpY2FCyi6lisKFeJ2/2878O+RyJtgQZc5TBbQTDL1Ko0jnZ0LX8SmUw==",
      "requires": {
        "@livechat/mitt": "^0.1.2",
        "@livechat/url-utils": "^0.1.3",
        "@types/sockjs-client": "^1.1.1",
        "sockjs-client": "^1.3.0"
      }
    },
    "@livechat/url-utils": {
      "version": "0.1.4",
      "resolved": "https://registry.npmjs.org/@livechat/url-utils/-/url-utils-0.1.4.tgz",
      "integrity": "sha512-woZhU4uHGQNO1QL0Rlg/vZGmXF9usYMdA/o722aRrmc0J3+yZL/G6fvQDCVKSg5t01OrSGjocmsPK4WXnxb9jQ==",
      "requires": {
        "@livechat/data-utils": "^0.2.8"
      }
    },
    "@types/hoist-non-react-statics": {
      "version": "3.3.1",
      "resolved": "https://registry.npmjs.org/@types/hoist-non-react-statics/-/hoist-non-react-statics-3.3.1.tgz",
      "integrity": "sha512-iMIqiko6ooLrTh1joXodJK5X9xeEALT1kM5G3ZLhD3hszxBdIEd5C75U834D9mLcINgD4OyZf5uQXjkuYydWvA==",
      "requires": {
        "@types/react": "*",
        "hoist-non-react-statics": "^3.3.0"
      }
    },
    "@types/prop-types": {
      "version": "15.7.3",
      "resolved": "https://registry.npmjs.org/@types/prop-types/-/prop-types-15.7.3.tgz",
      "integrity": "sha512-KfRL3PuHmqQLOG+2tGpRO26Ctg+Cq1E01D2DMriKEATHgWLfeNDmq9e29Q9WIky0dQ3NPkd1mzYH8Lm936Z9qw=="
    },
    "@types/react": {
      "version": "16.9.35",
      "resolved": "https://registry.npmjs.org/@types/react/-/react-16.9.35.tgz",
      "integrity": "sha512-q0n0SsWcGc8nDqH2GJfWQWUOmZSJhXV64CjVN5SvcNti3TdEaA3AH0D8DwNmMdzjMAC/78tB8nAZIlV8yTz+zQ==",
      "requires": {
        "@types/prop-types": "*",
        "csstype": "^2.2.0"
      }
    },
    "@types/sockjs-client": {
      "version": "1.1.1",
      "resolved": "https://registry.npmjs.org/@types/sockjs-client/-/sockjs-client-1.1.1.tgz",
      "integrity": "sha512-DaTdN4kfPNxu0otmQlxhmYeCjtY8cHmJsU6LqiFOrhytIkx8Txq06PwAWYzha7nMkEyju44a3NDpqCKiHn/NZQ=="
    },
    "babel-runtime": {
      "version": "6.26.0",
      "resolved": "https://registry.npmjs.org/babel-runtime/-/babel-runtime-6.26.0.tgz",
      "integrity": "sha1-llxwWGaOgrVde/4E/yM3vItWR/4=",
      "requires": {
        "core-js": "^2.4.0",
        "regenerator-runtime": "^0.11.0"
      },
      "dependencies": {
        "regenerator-runtime": {
          "version": "0.11.1",
          "resolved": "https://registry.npmjs.org/regenerator-runtime/-/regenerator-runtime-0.11.1.tgz",
          "integrity": "sha512-MguG95oij0fC3QV3URf4V2SDYGJhJnJGqvIIgdECeODCT98wSWDAJ94SSuVpYQUoTcGUIL6L4yNB7j1DFFHSBg=="
        }
      }
    },
    "backo2": {
      "version": "1.0.2",
      "resolved": "https://registry.npmjs.org/backo2/-/backo2-1.0.2.tgz",
      "integrity": "sha1-MasayLEpNjRj41s+u2n038+6eUc="
    },
    "core-js": {
      "version": "2.6.11",
      "resolved": "https://registry.npmjs.org/core-js/-/core-js-2.6.11.tgz",
      "integrity": "sha512-5wjnpaT/3dV+XB4borEsnAYQchn00XSgTAWKDkEqv+K8KevjbzmofK6hfJ9TZIlpj2N0xQpazy7PiRQiWHqzWg=="
    },
    "csstype": {
      "version": "2.6.8",
      "resolved": "https://registry.npmjs.org/csstype/-/csstype-2.6.8.tgz",
      "integrity": "sha512-msVS9qTuMT5zwAGCVm4mxfrZ18BNc6Csd0oJAtiFMZ1FAx1CCvy2+5MDmYoix63LM/6NDbNtodCiGYGmFgO0dA=="
    },
    "dayjs": {
      "version": "1.8.26",
      "resolved": "https://registry.npmjs.org/dayjs/-/dayjs-1.8.26.tgz",
      "integrity": "sha512-KqtAuIfdNfZR5sJY1Dixr2Is4ZvcCqhb0dZpCOt5dGEFiMzoIbjkTSzUb4QKTCsP+WNpGwUjAFIZrnZvUxxkhw=="
    },
    "debug": {
      "version": "3.2.6",
      "resolved": "https://registry.npmjs.org/debug/-/debug-3.2.6.tgz",
      "integrity": "sha512-mel+jf7nrtEl5Pn1Qx46zARXKDpBbvzezse7p7LqINmdoIk8PYP5SySaxEmYv6TZ0JyEKA1hsCId6DIhgITtWQ==",
      "requires": {
        "ms": "^2.1.1"
      }
    },
    "eventsource": {
      "version": "1.0.7",
      "resolved": "https://registry.npmjs.org/eventsource/-/eventsource-1.0.7.tgz",
      "integrity": "sha512-4Ln17+vVT0k8aWq+t/bF5arcS3EpT9gYtW66EPacdj/mAFevznsnyoHLPy2BA8gbIQeIHoPsvwmfBftfcG//BQ==",
      "requires": {
        "original": "^1.0.0"
      }
    },
    "faye-websocket": {
      "version": "0.11.3",
      "resolved": "https://registry.npmjs.org/faye-websocket/-/faye-websocket-0.11.3.tgz",
      "integrity": "sha512-D2y4bovYpzziGgbHYtGCMjlJM36vAl/y+xUyn1C+FVx8szd1E+86KwVw6XvYSzOP8iMpm1X0I4xJD+QtUb36OA==",
      "requires": {
        "websocket-driver": ">=0.5.1"
      }
    },
    "hoist-non-react-statics": {
      "version": "3.3.2",
      "resolved": "https://registry.npmjs.org/hoist-non-react-statics/-/hoist-non-react-statics-3.3.2.tgz",
      "integrity": "sha512-/gGivxi8JPKWNm/W0jSmzcMPpfpPLc3dY/6GxhX2hQ9iGj3aDfklV4ET7NjKpSinLpJ5vafa9iiGIEZg10SfBw==",
      "requires": {
        "react-is": "^16.7.0"
      }
    },
    "http-parser-js": {
      "version": "0.5.2",
      "resolved": "https://registry.npmjs.org/http-parser-js/-/http-parser-js-0.5.2.tgz",
      "integrity": "sha512-opCO9ASqg5Wy2FNo7A0sxy71yGbbkJJXLdgMK04Tcypw9jr2MgWbyubb0+WdmDmGnFflO7fRbqbaihh/ENDlRQ=="
    },
    "inherits": {
      "version": "2.0.4",
      "resolved": "https://registry.npmjs.org/inherits/-/inherits-2.0.4.tgz",
      "integrity": "sha512-k/vGaX4/Yla3WzyMCvTQOXYeIHvqOKtnqBduzTHpzpQZzAskKMhZ2K+EnBiSM9zGSoIFeMpXKxa4dYeZIQqewQ=="
    },
    "js-tokens": {
      "version": "4.0.0",
      "resolved": "https://registry.npmjs.org/js-tokens/-/js-tokens-4.0.0.tgz",
      "integrity": "sha512-RdJUflcE3cUzKiMqQgsCu06FPu9UdIJO0beYbPhHN4k6apgJtifcoCtT9bcxOpYBtpD2kCM6Sbzg4CausW/PKQ=="
    },
    "json3": {
      "version": "3.3.3",
      "resolved": "https://registry.npmjs.org/json3/-/json3-3.3.3.tgz",
      "integrity": "sha512-c7/8mbUsKigAbLkD5B010BK4D9LZm7A1pNItkEwiUZRpIN66exu/e7YQWysGun+TRKaJp8MhemM+VkfWv42aCA=="
    },
    "loose-envify": {
      "version": "1.4.0",
      "resolved": "https://registry.npmjs.org/loose-envify/-/loose-envify-1.4.0.tgz",
      "integrity": "sha512-lyuxPGr/Wfhrlem2CL/UcnUc1zcqKAImBDzukY7Y5F/yQiNdko6+fRLevlw1HgMySw7f611UIY408EtxRSoK3Q==",
      "requires": {
        "js-tokens": "^3.0.0 || ^4.0.0"
      }
    },
    "marked": {
      "version": "0.7.0",
      "resolved": "https://registry.npmjs.org/marked/-/marked-0.7.0.tgz",
      "integrity": "sha512-c+yYdCZJQrsRjTPhUx7VKkApw9bwDkNbHUKo1ovgcfDjb2kc8rLuRbIFyXL5WOEUwzSSKo3IXpph2K6DqB/KZg=="
    },
    "memory-web-storage": {
      "version": "0.1.0",
      "resolved": "https://registry.npmjs.org/memory-web-storage/-/memory-web-storage-0.1.0.tgz",
      "integrity": "sha512-AVVlRidjJlKqdzdxdsvXgX24m2eA/8FFlqBrvHN9JRlzMuYCGev7o0bjkP207UhkqVtIg1sNyEHBq2uvykA/3w=="
    },
    "mitt": {
      "version": "1.2.0",
      "resolved": "https://registry.npmjs.org/mitt/-/mitt-1.2.0.tgz",
      "integrity": "sha512-r6lj77KlwqLhIUku9UWYes7KJtsczvolZkzp8hbaDPPaE24OmWl5s539Mytlj22siEQKosZ26qCBgda2PKwoJw=="
    },
    "ms": {
      "version": "2.1.2",
      "resolved": "https://registry.npmjs.org/ms/-/ms-2.1.2.tgz",
      "integrity": "sha512-sGkPx+VjMtmA6MX27oA4FBFELFCZZ4S4XqeGOXCv68tT+jb3vk/RyaKWP0PTKyWtmLSM0b+adUTEvbs1PEaH2w=="
    },
    "object-assign": {
      "version": "4.1.1",
      "resolved": "https://registry.npmjs.org/object-assign/-/object-assign-4.1.1.tgz",
      "integrity": "sha1-IQmtx5ZYh8/AXLvUQsrIv7s2CGM="
    },
    "original": {
      "version": "1.0.2",
      "resolved": "https://registry.npmjs.org/original/-/original-1.0.2.tgz",
      "integrity": "sha512-hyBVl6iqqUOJ8FqRe+l/gS8H+kKYjrEndd5Pm1MfBtsEKA038HkkdbAl/72EAXGyonD/PFsvmVG+EvcIpliMBg==",
      "requires": {
        "url-parse": "^1.4.3"
      }
    },
    "prop-types": {
      "version": "15.7.2",
      "resolved": "https://registry.npmjs.org/prop-types/-/prop-types-15.7.2.tgz",
      "integrity": "sha512-8QQikdH7//R2vurIJSutZ1smHYTcLpRWEOlHnzcWHmBYrOGUysKwSsrC89BCiFj3CbrfJ/nXFdJepOVrY1GCHQ==",
      "requires": {
        "loose-envify": "^1.4.0",
        "object-assign": "^4.1.1",
        "react-is": "^16.8.1"
      }
    },
    "querystringify": {
      "version": "2.1.1",
      "resolved": "https://registry.npmjs.org/querystringify/-/querystringify-2.1.1.tgz",
      "integrity": "sha512-w7fLxIRCRT7U8Qu53jQnJyPkYZIaR4n5151KMfcJlO/A9397Wxb1amJvROTK6TOnp7PfoAmg/qXiNHI+08jRfA=="
    },
    "react-is": {
      "version": "16.8.6",
      "resolved": "https://registry.npmjs.org/react-is/-/react-is-16.8.6.tgz",
      "integrity": "sha512-aUk3bHfZ2bRSVFFbbeVS4i+lNPZr3/WM5jT2J5omUVV1zzcs1nAaf3l51ctA5FFvCRbhrH0bdAsRRQddFJZPtA=="
    },
    "react-native-animatable": {
      "version": "1.3.2",
      "resolved": "https://registry.npmjs.org/react-native-animatable/-/react-native-animatable-1.3.2.tgz",
      "integrity": "sha512-rmah3KQ63ft8DxkzFUwJSuZeq+oSYwldoGF4DTOR5WM2WR5wiWLgBAtrAHlI3Di3by323uOR21s+MlqPcHz2Kw==",
      "requires": {
        "prop-types": "^15.5.10"
      }
    },
    "react-native-communications": {
      "version": "2.2.1",
      "resolved": "https://registry.npmjs.org/react-native-communications/-/react-native-communications-2.2.1.tgz",
      "integrity": "sha1-eIO1ayCgAu63kMET+GFuqGksp5U="
    },
    "react-native-gifted-chat": {
      "version": "0.16.1",
      "resolved": "https://registry.npmjs.org/react-native-gifted-chat/-/react-native-gifted-chat-0.16.1.tgz",
      "integrity": "sha512-PF4NIcw3xqhAWc15bgebQ6OvUveJdVi92nPu4v9e8FDALdTi2T2YiVe/EuoC7ddsmb8a00UGytpfwEylwy+m6g==",
      "requires": {
        "@expo/react-native-action-sheet": "^3.6.0",
        "dayjs": "1.8.26",
        "prop-types": "^15.7.2",
        "react-native-communications": "^2.2.1",
        "react-native-iphone-x-helper": "^1.2.1",
        "react-native-lightbox": "^0.8.1",
        "react-native-parsed-text": "github:EvanBacon/react-native-parsed-text",
        "react-native-typing-animation": "^0.1.7",
        "uuid": "3.4.0"
      }
    },
    "react-native-iphone-x-helper": {
      "version": "1.2.1",
      "resolved": "https://registry.npmjs.org/react-native-iphone-x-helper/-/react-native-iphone-x-helper-1.2.1.tgz",
      "integrity": "sha512-/VbpIEp8tSNNHIvstuA3Swx610whci1Zpc9mqNkqn14DkMbw+ORviln2u0XyHG1kPvvwTNGZY6QpeFwxYaSdbQ=="
    },
    "react-native-lightbox": {
      "version": "0.8.1",
      "resolved": "https://registry.npmjs.org/react-native-lightbox/-/react-native-lightbox-0.8.1.tgz",
      "integrity": "sha512-TFZA6iKEEHpAUIXjMTRb6vx0/9rHgEKy3ZBiRAy295PwldYg5c8opwnbyURLIl522ykeqhVx9uGdXjSMIowLvA==",
      "requires": {
        "prop-types": "^15.7.2"
      }
    },
    "react-native-parsed-text": {
      "version": "github:EvanBacon/react-native-parsed-text#c909f64ee437796fd1b047edd73146fc89edb796",
      "from": "github:EvanBacon/react-native-parsed-text",
      "requires": {
        "prop-types": "^15.5.10"
      }
    },
    "react-native-typing-animation": {
      "version": "0.1.7",
      "resolved": "https://registry.npmjs.org/react-native-typing-animation/-/react-native-typing-animation-0.1.7.tgz",
      "integrity": "sha512-4H3rF9M+I2yAZpYJcY0Mb29TXkn98QK12rrKSY6LZj1BQD9NNmRZuNXzwX4XHapsIz+N/J8M3p27FOQPbfzqeg=="
    },
    "redux": {
      "version": "4.0.5",
      "resolved": "https://registry.npmjs.org/redux/-/redux-4.0.5.tgz",
      "integrity": "sha512-VSz1uMAH24DM6MF72vcojpYPtrTUu3ByVWfPL1nPfVRb5mZVTve5GnNCUV53QM/BZ66xfWrm0CTWoM+Xlz8V1w==",
      "requires": {
        "loose-envify": "^1.4.0",
        "symbol-observable": "^1.2.0"
      }
    },
    "redux-saga": {
      "version": "0.15.6",
      "resolved": "https://registry.npmjs.org/redux-saga/-/redux-saga-0.15.6.tgz",
      "integrity": "sha1-hjjcUi3mxsCklv6LK1RmKHrC3E0="
    },
    "regenerator-runtime": {
      "version": "0.10.5",
      "resolved": "https://registry.npmjs.org/regenerator-runtime/-/regenerator-runtime-0.10.5.tgz",
      "integrity": "sha1-M2w+/BIgrc7dosn6tntaeVWjNlg="
    },
    "requires-port": {
      "version": "1.0.0",
      "resolved": "https://registry.npmjs.org/requires-port/-/requires-port-1.0.0.tgz",
      "integrity": "sha1-kl0mAdOaxIXgkc8NpcbmlNw9yv8="
    },
    "safe-buffer": {
      "version": "5.2.1",
      "resolved": "https://registry.npmjs.org/safe-buffer/-/safe-buffer-5.2.1.tgz",
      "integrity": "sha512-rp3So07KcdmmKbGvgaNxQSJr7bGVSVk5S9Eq1F+ppbRo70+YeaDxkw5Dd8NPN+GD6bjnYm2VuPuCXmpuYvmCXQ=="
    },
    "sockjs-client": {
      "version": "1.4.0",
      "resolved": "https://registry.npmjs.org/sockjs-client/-/sockjs-client-1.4.0.tgz",
      "integrity": "sha512-5zaLyO8/nri5cua0VtOrFXBPK1jbL4+1cebT/mmKA1E1ZXOvJrII75bPu0l0k843G/+iAbhEqzyKr0w/eCCj7g==",
      "requires": {
        "debug": "^3.2.5",
        "eventsource": "^1.0.7",
        "faye-websocket": "~0.11.1",
        "inherits": "^2.0.3",
        "json3": "^3.3.2",
        "url-parse": "^1.4.3"
      }
    },
    "symbol-observable": {
      "version": "1.2.0",
      "resolved": "https://registry.npmjs.org/symbol-observable/-/symbol-observable-1.2.0.tgz",
      "integrity": "sha512-e900nM8RRtGhlV36KGEU9k65K3mPb1WV70OdjfxlG2EAuM1noi/E/BaW/uMhL7bPEssK8QV57vN3esixjUvcXQ=="
    },
    "ts-toolbelt": {
      "version": "6.13.35",
      "resolved": "https://registry.npmjs.org/ts-toolbelt/-/ts-toolbelt-6.13.35.tgz",
      "integrity": "sha512-RUlJt2ku8jRCDEZsyCvAYEPIa+99ZpT9YJqccWh5IxDBN09fk2epMrYWiJ4jSFRHNvTx4DqWRP07PSx5QPbflA=="
    },
    "unfetch": {
      "version": "2.1.2",
      "resolved": "https://registry.npmjs.org/unfetch/-/unfetch-2.1.2.tgz",
      "integrity": "sha1-aE/uTYrNsTW9smwDZMZC/DJsqVs="
    },
    "url-parse": {
      "version": "1.5.1",
      "resolved": "https://registry.npmjs.org/url-parse/-/url-parse-1.5.1.tgz",
      "integrity": "sha512-HOfCOUJt7iSYzEx/UqgtwKRMC6EU91NFhsCHMv9oM03VJcVo2Qrp8T8kI9D7amFf1cu+/3CEhgb3rF9zL7k85Q==",
      "requires": {
        "querystringify": "^2.1.1",
        "requires-port": "^1.0.0"
      }
    },
    "uuid": {
      "version": "3.4.0",
      "resolved": "https://registry.npmjs.org/uuid/-/uuid-3.4.0.tgz",
      "integrity": "sha512-HjSDRw6gZE5JMggctHBcjVak08+KEVhSIiDzFnT9S9aegmp85S/bReBVTb4QTFaRNptJ9kuYaNhnbNEOkbKb/A=="
    },
    "websocket-driver": {
      "version": "0.7.4",
      "resolved": "https://registry.npmjs.org/websocket-driver/-/websocket-driver-0.7.4.tgz",
      "integrity": "sha512-b17KeDIQVjvb0ssuSDF2cYXSg2iztliJ4B9WdsuB6J952qCPKmnVq4DyW5motImXHDC1cBT/1UezrJVsKw5zjg==",
      "requires": {
        "http-parser-js": ">=0.5.1",
        "safe-buffer": ">=5.1.0",
        "websocket-extensions": ">=0.1.1"
      }
    },
    "websocket-extensions": {
      "version": "0.1.4",
      "resolved": "https://registry.npmjs.org/websocket-extensions/-/websocket-extensions-0.1.4.tgz",
      "integrity": "sha512-OqedPIGOfsDlo31UNwYbCFMSaO9m9G/0faIHj5/dZFDMFqPTcx6UwqyOy3COEaEOg/9VsGIpdqn62W5KhoKSpg=="
    }
  }
}
