{
  "name": "react-native-livechat",
  "version": "1.0.0",
  "lockfileVersion": 1,
  "requires": true,
  "dependencies": {
    "@expo/react-native-action-sheet": {
      "version": "1.0.1",
      "resolved": "https://registry.npmjs.org/@expo/react-native-action-sheet/-/react-native-action-sheet-1.0.1.tgz",
      "integrity": "sha512-Vz2Qa4dZhLwXgDot0CZ0K89PNER8oB3TS/qaqpnnoGF9VBvOD6BN/6CI6A8teF0k5nqTjPRgSDSCL8WgjzmJUw==",
      "requires": {
        "hoist-non-react-statics": "2.3.1",
        "prop-types": "15.5.10"
      }
    },
    "@livechat/cookies": {
      "version": "0.0.1",
      "resolved": "https://registry.npmjs.org/@livechat/cookies/-/cookies-0.0.1.tgz",
      "integrity": "sha1-ga1Xrx2Rvsl/29utgxVdkcxvo0g="
    },
    "@livechat/livechat-visitor-sdk": {
      "version": "0.28.4",
      "resolved": "https://registry.npmjs.org/@livechat/livechat-visitor-sdk/-/livechat-visitor-sdk-0.28.4.tgz",
      "integrity": "sha512-u5ZxHAEr7ZBiHAR7MbyMiDIe/y9C53P6sup7P+dB8oyBO0K8Qd7nWOXAy7KNHN2xg0f2sPtYVCzQW+L913v+Qg==",
      "requires": {
        "@livechat/cookies": "0.0.1",
        "@livechat/redux-utils": "0.0.0",
        "@livechat/saga-utils": "0.0.1",
        "lodash": "4.17.4",
        "memory-web-storage": "0.1.0",
        "mitt": "1.1.3",
        "redux": "3.7.2",
        "redux-saga": "0.15.6",
        "regenerator-runtime": "0.10.5",
        "unfetch": "2.1.2"
      }
    },
    "@livechat/redux-utils": {
      "version": "0.0.0",
      "resolved": "https://registry.npmjs.org/@livechat/redux-utils/-/redux-utils-0.0.0.tgz",
      "integrity": "sha1-86cUovl41Uv+ywetj3vjySX70N4="
    },
    "@livechat/saga-utils": {
      "version": "0.0.1",
      "resolved": "https://registry.npmjs.org/@livechat/saga-utils/-/saga-utils-0.0.1.tgz",
      "integrity": "sha512-xExiq+o8GUY3GLmb1um6NFO36ggN+acNCuJom2BU9SQdgCAHGyy/NDBOpCs9VCozoXBrjZM8Ev1VOJqFeT2KtQ=="
    },
    "asap": {
      "version": "2.0.6",
      "resolved": "https://registry.npmjs.org/asap/-/asap-2.0.6.tgz",
      "integrity": "sha1-5QNHYR1+aQlDIIu9r+vLwvuGbUY="
    },
    "charenc": {
      "version": "0.0.2",
      "resolved": "https://registry.npmjs.org/charenc/-/charenc-0.0.2.tgz",
      "integrity": "sha1-wKHS86cJLgN3S/qD8UwPxXkKhmc="
    },
    "core-js": {
      "version": "1.2.7",
      "resolved": "https://registry.npmjs.org/core-js/-/core-js-1.2.7.tgz",
      "integrity": "sha1-ZSKUwUZR2yj6k70tX/KYOk8IxjY="
    },
    "create-react-class": {
      "version": "15.6.2",
      "resolved": "https://registry.npmjs.org/create-react-class/-/create-react-class-15.6.2.tgz",
      "integrity": "sha1-zx7RXxKq1/FO9fLf4F5sQvke8Co=",
      "requires": {
        "fbjs": "0.8.16",
        "loose-envify": "1.3.1",
        "object-assign": "4.1.1"
      }
    },
    "crypt": {
      "version": "0.0.2",
      "resolved": "https://registry.npmjs.org/crypt/-/crypt-0.0.2.tgz",
      "integrity": "sha1-iNf/fsDfuG9xPch7u0LQRNPmxBs="
    },
    "encoding": {
      "version": "0.1.12",
      "resolved": "https://registry.npmjs.org/encoding/-/encoding-0.1.12.tgz",
      "integrity": "sha1-U4tm8+5izRq1HsMjgp0flIDHS+s=",
      "requires": {
        "iconv-lite": "0.4.19"
      }
    },
    "fbjs": {
      "version": "0.8.16",
      "resolved": "https://registry.npmjs.org/fbjs/-/fbjs-0.8.16.tgz",
      "integrity": "sha1-XmdDL1UNxBtXK/VYR7ispk5TN9s=",
      "requires": {
        "core-js": "1.2.7",
        "isomorphic-fetch": "2.2.1",
        "loose-envify": "1.3.1",
        "object-assign": "4.1.1",
        "promise": "7.3.1",
        "setimmediate": "1.0.5",
        "ua-parser-js": "0.7.17"
      }
    },
    "hoist-non-react-statics": {
      "version": "2.3.1",
      "resolved": "https://registry.npmjs.org/hoist-non-react-statics/-/hoist-non-react-statics-2.3.1.tgz",
      "integrity": "sha1-ND24TGAYxlB3iJgkATWhQg7iLOA="
    },
    "iconv-lite": {
      "version": "0.4.19",
      "resolved": "https://registry.npmjs.org/iconv-lite/-/iconv-lite-0.4.19.tgz",
      "integrity": "sha512-oTZqweIP51xaGPI4uPa56/Pri/480R+mo7SeU+YETByQNhDG55ycFyNLIgta9vXhILrxXDmF7ZGhqZIcuN0gJQ=="
    },
    "is-buffer": {
      "version": "1.1.6",
      "resolved": "https://registry.npmjs.org/is-buffer/-/is-buffer-1.1.6.tgz",
      "integrity": "sha512-NcdALwpXkTm5Zvvbk7owOUSvVvBKDgKP5/ewfXEznmQFfs4ZRmanOeKBTjRVjka3QFoN6XJ+9F3USqfHqTaU5w=="
    },
    "is-stream": {
      "version": "1.1.0",
      "resolved": "https://registry.npmjs.org/is-stream/-/is-stream-1.1.0.tgz",
      "integrity": "sha1-EtSj3U5o4Lec6428hBc66A2RykQ="
    },
    "isomorphic-fetch": {
      "version": "2.2.1",
      "resolved": "https://registry.npmjs.org/isomorphic-fetch/-/isomorphic-fetch-2.2.1.tgz",
      "integrity": "sha1-YRrhrPFPXoH3KVB0coGf6XM1WKk=",
      "requires": {
        "node-fetch": "1.7.3",
        "whatwg-fetch": "2.0.3"
      }
    },
    "js-tokens": {
      "version": "3.0.2",
      "resolved": "https://registry.npmjs.org/js-tokens/-/js-tokens-3.0.2.tgz",
      "integrity": "sha1-mGbfOVECEw449/mWvOtlRDIJwls="
    },
    "lodash": {
      "version": "4.17.4",
      "resolved": "https://registry.npmjs.org/lodash/-/lodash-4.17.4.tgz",
      "integrity": "sha1-eCA6TRwyiuHYbcpkYONptX9AVa4="
    },
    "lodash-es": {
      "version": "4.17.4",
      "resolved": "https://registry.npmjs.org/lodash-es/-/lodash-es-4.17.4.tgz",
      "integrity": "sha1-3MHXVS4VCgZABzupyzHXDwMpUOc="
    },
    "loose-envify": {
      "version": "1.3.1",
      "resolved": "https://registry.npmjs.org/loose-envify/-/loose-envify-1.3.1.tgz",
      "integrity": "sha1-0aitM/qc4OcT1l/dCsi3SNR4yEg=",
      "requires": {
        "js-tokens": "3.0.2"
      }
    },
    "md5": {
      "version": "2.2.1",
      "resolved": "https://registry.npmjs.org/md5/-/md5-2.2.1.tgz",
      "integrity": "sha1-U6s41f48iJG6RlMp6iP6wFQBJvk=",
      "requires": {
        "charenc": "0.0.2",
        "crypt": "0.0.2",
        "is-buffer": "1.1.6"
      }
    },
    "memory-web-storage": {
      "version": "0.1.0",
      "resolved": "https://registry.npmjs.org/memory-web-storage/-/memory-web-storage-0.1.0.tgz",
      "integrity": "sha512-AVVlRidjJlKqdzdxdsvXgX24m2eA/8FFlqBrvHN9JRlzMuYCGev7o0bjkP207UhkqVtIg1sNyEHBq2uvykA/3w=="
    },
    "mitt": {
      "version": "1.1.3",
      "resolved": "https://registry.npmjs.org/mitt/-/mitt-1.1.3.tgz",
      "integrity": "sha512-mUDCnVNsAi+eD6qA0HkRkwYczbLHJ49z17BGe2PYRhZL4wpZUFZGJHU7/5tmvohoma+Hdn0Vh/oJTiPEmgSruA=="
    },
    "moment": {
      "version": "2.19.4",
      "resolved": "https://registry.npmjs.org/moment/-/moment-2.19.4.tgz",
      "integrity": "sha512-1xFTAknSLfc47DIxHDUbnJWC+UwgWxATmymaxIPQpmMh7LBm7ZbwVEsuushqwL2GYZU0jie4xO+TK44hJPjNSQ=="
    },
    "node-fetch": {
      "version": "1.7.3",
      "resolved": "https://registry.npmjs.org/node-fetch/-/node-fetch-1.7.3.tgz",
      "integrity": "sha512-NhZ4CsKx7cYm2vSrBAr2PvFOe6sWDf0UYLRqA6svUYg7+/TSfVAu49jYC4BvQ4Sms9SZgdqGBgroqfDhJdTyKQ==",
      "requires": {
        "encoding": "0.1.12",
        "is-stream": "1.1.0"
      }
    },
    "object-assign": {
      "version": "4.1.1",
      "resolved": "https://registry.npmjs.org/object-assign/-/object-assign-4.1.1.tgz",
      "integrity": "sha1-IQmtx5ZYh8/AXLvUQsrIv7s2CGM="
    },
    "promise": {
      "version": "7.3.1",
      "resolved": "https://registry.npmjs.org/promise/-/promise-7.3.1.tgz",
      "integrity": "sha512-nolQXZ/4L+bP/UGlkfaIujX9BKxGwmQ9OT4mOt5yvy8iK1h3wqTEJCijzGANTCCl9nWjY41juyAn2K3Q1hLLTg==",
      "requires": {
        "asap": "2.0.6"
      }
    },
    "prop-types": {
      "version": "15.5.10",
      "resolved": "https://registry.npmjs.org/prop-types/-/prop-types-15.5.10.tgz",
      "integrity": "sha1-J5ffwxJhguOpXj37suiT3ddFYVQ=",
      "requires": {
        "fbjs": "0.8.16",
        "loose-envify": "1.3.1"
      }
    },
    "react-clone-referenced-element": {
      "version": "1.0.1",
      "resolved": "https://registry.npmjs.org/react-clone-referenced-element/-/react-clone-referenced-element-1.0.1.tgz",
      "integrity": "sha1-K7qMaUBMXkqUQ5hgC8xMlB+GBoI="
    },
    "react-native-animatable": {
      "version": "1.2.4",
      "resolved": "https://registry.npmjs.org/react-native-animatable/-/react-native-animatable-1.2.4.tgz",
      "integrity": "sha512-cVTQXa/cp8gfxcl+l6I1rGAI7EeoNZ0ur9vtxb3tD5iGlJbIyUfQK61e6BycnZewdgQ639Mp6OrueXTpZlv76Q==",
      "requires": {
        "prop-types": "15.5.10"
      }
    },
    "react-native-communications": {
      "version": "2.2.1",
      "resolved": "https://registry.npmjs.org/react-native-communications/-/react-native-communications-2.2.1.tgz",
      "integrity": "sha1-eIO1ayCgAu63kMET+GFuqGksp5U="
    },
    "react-native-gifted-chat": {
      "version": "0.3.0",
      "resolved": "https://registry.npmjs.org/react-native-gifted-chat/-/react-native-gifted-chat-0.3.0.tgz",
      "integrity": "sha1-qzcXI+PdrQc4XQ/x2/yuFWFR2q0=",
      "requires": {
        "@expo/react-native-action-sheet": "1.0.1",
        "md5": "2.2.1",
        "moment": "2.19.4",
        "prop-types": "15.5.10",
        "react-native-communications": "2.2.1",
        "react-native-invertible-scroll-view": "1.1.0",
        "react-native-lightbox": "0.7.0",
        "react-native-parsed-text": "0.0.19",
        "shallowequal": "1.0.2",
        "uuid": "3.1.0"
      }
    },
    "react-native-invertible-scroll-view": {
      "version": "1.1.0",
      "resolved": "https://registry.npmjs.org/react-native-invertible-scroll-view/-/react-native-invertible-scroll-view-1.1.0.tgz",
      "integrity": "sha1-v9UKP11myhJjm3x6mETO3dHRaJA=",
      "requires": {
        "create-react-class": "15.6.2",
        "prop-types": "15.5.10",
        "react-clone-referenced-element": "1.0.1",
        "react-native-scrollable-mixin": "1.0.1"
      }
    },
    "react-native-lightbox": {
      "version": "0.7.0",
      "resolved": "https://registry.npmjs.org/react-native-lightbox/-/react-native-lightbox-0.7.0.tgz",
      "integrity": "sha512-HS3T4WlCd0Gb3us2d6Jse5m6KjNhngnKm35Wapq30WtQa9s+/VMmtuktbGPGaWtswcDyOj6qByeJBw9W80iPCA==",
      "requires": {
        "prop-types": "15.5.10"
      }
    },
    "react-native-movable-view": {
      "version": "1.0.3",
      "resolved": "https://registry.npmjs.org/react-native-movable-view/-/react-native-movable-view-1.0.3.tgz",
      "integrity": "sha512-Qd2+03TJYzkDBHVHp0Id5RaPMTgft8kYZtd4hgGjjk7OK9p0fGcEuspyyyjlGbPkARPLsq26DaJn1N9F/BWtkg=="
    },
    "react-native-parsed-text": {
      "version": "0.0.19",
      "resolved": "https://registry.npmjs.org/react-native-parsed-text/-/react-native-parsed-text-0.0.19.tgz",
      "integrity": "sha512-gGzzzXDgSwOh85+6SyBZYc8co9CDG7Jo3qY/wfs5J6m+vcezTF9z5loE30+lT3EsBX4HwhrK7OKJ9bMWSxxO0Q==",
      "requires": {
        "prop-types": "15.5.10"
      }
    },
    "react-native-scrollable-mixin": {
      "version": "1.0.1",
      "resolved": "https://registry.npmjs.org/react-native-scrollable-mixin/-/react-native-scrollable-mixin-1.0.1.tgz",
      "integrity": "sha1-NKMhZ7ZCSFlBVP0NaosD8idAVI4="
    },
    "redux": {
      "version": "3.7.2",
      "resolved": "https://registry.npmjs.org/redux/-/redux-3.7.2.tgz",
      "integrity": "sha512-pNqnf9q1hI5HHZRBkj3bAngGZW/JMCmexDlOxw4XagXY2o1327nHH54LoTjiPJ0gizoqPDRqWyX/00g0hD6w+A==",
      "requires": {
        "lodash": "4.17.4",
        "lodash-es": "4.17.4",
        "loose-envify": "1.3.1",
        "symbol-observable": "1.1.0"
      }
    },
    "redux-saga": {
      "version": "0.15.6",
      "resolved": "https://registry.npmjs.org/redux-saga/-/redux-saga-0.15.6.tgz",
      "integrity": "sha1-hjjcUi3mxsCklv6LK1RmKHrC3E0="
    },
    "regenerator-runtime": {
      "version": "0.10.5",
      "resolved": "https://registry.npmjs.org/regenerator-runtime/-/regenerator-runtime-0.10.5.tgz",
      "integrity": "sha1-M2w+/BIgrc7dosn6tntaeVWjNlg="
    },
    "setimmediate": {
      "version": "1.0.5",
      "resolved": "https://registry.npmjs.org/setimmediate/-/setimmediate-1.0.5.tgz",
      "integrity": "sha1-KQy7Iy4waULX1+qbg3Mqt4VvgoU="
    },
    "shallowequal": {
      "version": "1.0.2",
      "resolved": "https://registry.npmjs.org/shallowequal/-/shallowequal-1.0.2.tgz",
      "integrity": "sha512-zlVXeVUKvo+HEv1e2KQF/csyeMKx2oHvatQ9l6XjCUj3agvC8XGf6R9HvIPDSmp8FNPvx7b5kaEJTRi7CqxtEw=="
    },
    "symbol-observable": {
      "version": "1.1.0",
      "resolved": "https://registry.npmjs.org/symbol-observable/-/symbol-observable-1.1.0.tgz",
      "integrity": "sha512-dQoid9tqQ+uotGhuTKEY11X4xhyYePVnqGSoSm3OGKh2E8LZ6RPULp1uXTctk33IeERlrRJYoVSBglsL05F5Uw=="
    },
    "ua-parser-js": {
      "version": "0.7.17",
      "resolved": "https://registry.npmjs.org/ua-parser-js/-/ua-parser-js-0.7.17.tgz",
      "integrity": "sha512-uRdSdu1oA1rncCQL7sCj8vSyZkgtL7faaw9Tc9rZ3mGgraQ7+Pdx7w5mnOSF3gw9ZNG6oc+KXfkon3bKuROm0g=="
    },
    "unfetch": {
      "version": "2.1.2",
      "resolved": "https://registry.npmjs.org/unfetch/-/unfetch-2.1.2.tgz",
      "integrity": "sha1-aE/uTYrNsTW9smwDZMZC/DJsqVs="
    },
    "uuid": {
      "version": "3.1.0",
      "resolved": "https://registry.npmjs.org/uuid/-/uuid-3.1.0.tgz",
      "integrity": "sha512-DIWtzUkw04M4k3bf1IcpS2tngXEL26YUD2M0tMDUpnUrz2hgzUBlD55a4FjdLGPvfHxS6uluGWvaVEqgBcVa+g=="
    },
    "whatwg-fetch": {
      "version": "2.0.3",
      "resolved": "https://registry.npmjs.org/whatwg-fetch/-/whatwg-fetch-2.0.3.tgz",
      "integrity": "sha1-nITsLc9oGH/wC8ZOEnS0QhduHIQ="
    }
  }
}
